
Microsoft Visual Studio Solution File, Format Version 12.00
# Visual Studio 14
VisualStudioVersion = 14.0.25420.1
MinimumVisualStudioVersion = 10.0.40219.1
Project("{FAE04EC0-301F-11D3-BF4B-00C04F79EFBC}") = "YamahaVdf", "YamahaVdf\YamahaVdf.csproj", "{AC704C53-5D6C-42F5-9124-06AF71B00AC9}"
EndProject
Project("{FAE04EC0-301F-11D3-BF4B-00C04F79EFBC}") = "YamahaVdfTests", "YamahaVdfTests\YamahaVdfTests.csproj", "{77B3A836-EE24-4BC0-AB59-899A3F0680B3}"
EndProject
Global
	GlobalSection(SolutionConfigurationPlatforms) = preSolution
		Debug|Any CPU = Debug|Any CPU
		Release|Any CPU = Release|Any CPU
	EndGlobalSection
	GlobalSection(ProjectConfigurationPlatforms) = postSolution
		{AC704C53-5D6C-42F5-9124-06AF71B00AC9}.Debug|Any CPU.ActiveCfg = Debug|Any CPU
		{AC704C53-5D6C-42F5-9124-06AF71B00AC9}.Debug|Any CPU.Build.0 = Debug|Any CPU
		{AC704C53-5D6C-42F5-9124-06AF71B00AC9}.Release|Any CPU.ActiveCfg = Release|Any CPU
		{AC704C53-5D6C-42F5-9124-06AF71B00AC9}.Release|Any CPU.Build.0 = Release|Any CPU
		{77B3A836-EE24-4BC0-AB59-899A3F0680B3}.Debug|Any CPU.ActiveCfg = Debug|Any CPU
		{77B3A836-EE24-4BC0-AB59-899A3F0680B3}.Debug|Any CPU.Build.0 = Debug|Any CPU
		{77B3A836-EE24-4BC0-AB59-899A3F0680B3}.Release|Any CPU.ActiveCfg = Release|Any CPU
		{77B3A836-EE24-4BC0-AB59-899A3F0680B3}.Release|Any CPU.Build.0 = Release|Any CPU
	EndGlobalSection
	GlobalSection(SolutionProperties) = preSolution
		HideSolutionNode = FALSE
	EndGlobalSection
EndGlobal
